PODS:
  - KeychainAccess (3.1.2)
  - MarqueeLabel/Swift (3.2.0)
  - NotificationBannerSwift (1.8.0):
    - MarqueeLabel/Swift (~> 3.2.0)
    - SnapKit (~> 4.0.1)
  - SnapKit (4.0.1)
  - Starscream (3.0.6)

DEPENDENCIES:
  - KeychainAccess
  - NotificationBannerSwift
  - Starscream (~> 3.0.2)

SPEC REPOS:
  https://github.com/cocoapods/specs.git:
    - KeychainAccess
    - MarqueeLabel
    - NotificationBannerSwift
    - SnapKit
    - Starscream

SPEC CHECKSUMS:
  KeychainAccess: b3816fddcf28aa29d94b10ec305cd52be14c472b
  MarqueeLabel: 440a502b91a9179bd98f9fff00ba1150650a1c0e
  NotificationBannerSwift: 49fc4be7fabada55b189b50e72184c92edd5f7f7
  SnapKit: 0de968a9fec17499afa29683b05d0c775b6d1c29
  Starscream: ef3ece99d765eeccb67de105bfa143f929026cf5

PODFILE CHECKSUM: b5211965b6c73d42894c601f7a65812b7f108ac6

COCOAPODS: 1.5.3
